# THIS IS AN AUTOGENERATED FILE. DO NOT EDIT THIS FILE DIRECTLY.
assets/custom.scss.liquid:
  development: 2017-11-29T11:13:08-06:00   4505eaf2001aeaa00d213ffa06a62c31
layout/theme.liquid:
  development: 2017-11-29T10:25:53-06:00   fca2b48d7a4aafb34f549afb8a780ab7
templates/page.discounts.liquid:
  development: 2017-11-29T11:51:54-06:00   eca6cb7c869b9c143ea0cf516cc4a28d
